{
    "version": 3,
    "terraform_version": "0.11.8",
    "serial": 2,
    "lineage": "f139770e-e1ce-52a8-cc86-cdd94e41c099",
    "modules": [
        {
            "path": [
                "root"
            ],
            "outputs": {},
            "resources": {
                "heroku_app.ci": {
                    "type": "heroku_app",
                    "depends_on": [],
                    "primary": {
                        "id": "synend-app-ci",
                        "attributes": {
                            "acm": "false",
                            "all_config_vars.%": "0",
                            "config_vars.#": "0",
                            "git_url": "https://git.heroku.com/synend-app-ci.git",
                            "heroku_hostname": "synend-app-ci.herokuapp.com",
                            "id": "synend-app-ci",
                            "internal_routing": "false",
                            "name": "synend-app-ci",
                            "region": "eu",
                            "stack": "heroku-18",
                            "uuid": "faaac3d3-9966-4d4b-8534-f1c8dcb67abd",
                            "web_url": "https://synend-app-ci.herokuapp.com/"
                        },
                        "meta": {},
                        "tainted": false
                    },
                    "deposed": [],
                    "provider": "provider.heroku"
                },
                "heroku_app.production": {
                    "type": "heroku_app",
                    "depends_on": [],
                    "primary": {
                        "id": "synend-app-production",
                        "attributes": {
                            "acm": "false",
                            "all_config_vars.%": "0",
                            "config_vars.#": "0",
                            "git_url": "https://git.heroku.com/synend-app-production.git",
                            "heroku_hostname": "synend-app-production.herokuapp.com",
                            "id": "synend-app-production",
                            "internal_routing": "false",
                            "name": "synend-app-production",
                            "region": "eu",
                            "stack": "heroku-18",
                            "uuid": "229009ae-57c9-452b-ae36-0312e752a09b",
                            "web_url": "https://synend-app-production.herokuapp.com/"
                        },
                        "meta": {},
                        "tainted": false
                    },
                    "deposed": [],
                    "provider": "provider.heroku"
                },
                "heroku_app.staging": {
                    "type": "heroku_app",
                    "depends_on": [],
                    "primary": {
                        "id": "synend-app-staging",
                        "attributes": {
                            "acm": "false",
                            "all_config_vars.%": "0",
                            "config_vars.#": "0",
                            "git_url": "https://git.heroku.com/synend-app-staging.git",
                            "heroku_hostname": "synend-app-staging.herokuapp.com",
                            "id": "synend-app-staging",
                            "internal_routing": "false",
                            "name": "synend-app-staging",
                            "region": "eu",
                            "stack": "heroku-18",
                            "uuid": "1c74f14c-cf4b-4a6f-9ef0-432304862c6c",
                            "web_url": "https://synend-app-staging.herokuapp.com/"
                        },
                        "meta": {},
                        "tainted": false
                    },
                    "deposed": [],
                    "provider": "provider.heroku"
                },
                "heroku_pipeline.test-app": {
                    "type": "heroku_pipeline",
                    "depends_on": [],
                    "primary": {
                        "id": "a81c7d6b-ac76-4b50-bfa4-98874ca03778",
                        "attributes": {
                            "id": "a81c7d6b-ac76-4b50-bfa4-98874ca03778",
                            "name": "pgr301-synend"
                        },
                        "meta": {},
                        "tainted": false
                    },
                    "deposed": [],
                    "provider": "provider.heroku"
                },
                "heroku_pipeline_coupling.ci": {
                    "type": "heroku_pipeline_coupling",
                    "depends_on": [
                        "heroku_app.ci",
                        "heroku_pipeline.test-app"
                    ],
                    "primary": {
                        "id": "3499860e-65f0-4660-a242-b43b2613aa84",
                        "attributes": {
                            "app": "synend-app-ci",
                            "app_id": "faaac3d3-9966-4d4b-8534-f1c8dcb67abd",
                            "id": "3499860e-65f0-4660-a242-b43b2613aa84",
                            "pipeline": "a81c7d6b-ac76-4b50-bfa4-98874ca03778",
                            "stage": "development"
                        },
                        "meta": {},
                        "tainted": false
                    },
                    "deposed": [],
                    "provider": "provider.heroku"
                },
                "heroku_pipeline_coupling.production": {
                    "type": "heroku_pipeline_coupling",
                    "depends_on": [
                        "heroku_app.production",
                        "heroku_pipeline.test-app"
                    ],
                    "primary": {
                        "id": "4c8df67a-9350-478c-8919-e042d0552a80",
                        "attributes": {
                            "app": "synend-app-production",
                            "app_id": "229009ae-57c9-452b-ae36-0312e752a09b",
                            "id": "4c8df67a-9350-478c-8919-e042d0552a80",
                            "pipeline": "a81c7d6b-ac76-4b50-bfa4-98874ca03778",
                            "stage": "production"
                        },
                        "meta": {},
                        "tainted": false
                    },
                    "deposed": [],
                    "provider": "provider.heroku"
                },
                "heroku_pipeline_coupling.staging": {
                    "type": "heroku_pipeline_coupling",
                    "depends_on": [
                        "heroku_app.staging",
                        "heroku_pipeline.test-app"
                    ],
                    "primary": {
                        "id": "d5810250-2f86-449f-8675-99a77d1fef84",
                        "attributes": {
                            "app": "synend-app-staging",
                            "app_id": "1c74f14c-cf4b-4a6f-9ef0-432304862c6c",
                            "id": "d5810250-2f86-449f-8675-99a77d1fef84",
                            "pipeline": "a81c7d6b-ac76-4b50-bfa4-98874ca03778",
                            "stage": "staging"
                        },
                        "meta": {},
                        "tainted": false
                    },
                    "deposed": [],
                    "provider": "provider.heroku"
                },
                "statuscake_test.ci": {
                    "type": "statuscake_test",
                    "depends_on": [
                        "heroku_app.ci"
                    ],
                    "primary": {
                        "id": "3639387",
                        "attributes": {
                            "check_rate": "300",
                            "confirmations": "0",
                            "contact_id": "0",
                            "custom_header": "",
                            "do_not_find": "false",
                            "final_endpoint": "",
                            "find_string": "",
                            "follow_redirect": "false",
                            "id": "3639387",
                            "logo_image": "",
                            "node_locations.#": "0",
                            "paused": "false",
                            "port": "0",
                            "post_raw": "",
                            "status": "Down",
                            "status_codes": "",
                            "test_id": "3639387",
                            "test_type": "HTTP",
                            "timeout": "40",
                            "trigger_rate": "5",
                            "uptime": "0",
                            "use_jar": "0",
                            "website_name": "synend-app-ci",
                            "website_url": "https://synend-app-ci.herokuapp.com/"
                        },
                        "meta": {},
                        "tainted": false
                    },
                    "deposed": [],
                    "provider": "provider.statuscake"
                },
                "statuscake_test.production": {
                    "type": "statuscake_test",
                    "depends_on": [
                        "heroku_app.production"
                    ],
                    "primary": {
                        "id": "3639386",
                        "attributes": {
                            "check_rate": "300",
                            "confirmations": "0",
                            "contact_id": "0",
                            "custom_header": "",
                            "do_not_find": "false",
                            "final_endpoint": "",
                            "find_string": "",
                            "follow_redirect": "false",
                            "id": "3639386",
                            "logo_image": "",
                            "node_locations.#": "0",
                            "paused": "false",
                            "port": "0",
                            "post_raw": "",
                            "status": "Down",
                            "status_codes": "",
                            "test_id": "3639386",
                            "test_type": "HTTP",
                            "timeout": "40",
                            "trigger_rate": "5",
                            "uptime": "0",
                            "use_jar": "0",
                            "website_name": "synend-app-production",
                            "website_url": "https://synend-app-production.herokuapp.com/"
                        },
                        "meta": {},
                        "tainted": false
                    },
                    "deposed": [],
                    "provider": "provider.statuscake"
                },
                "statuscake_test.stage": {
                    "type": "statuscake_test",
                    "depends_on": [
                        "heroku_app.staging"
                    ],
                    "primary": {
                        "id": "3639385",
                        "attributes": {
                            "check_rate": "300",
                            "confirmations": "0",
                            "contact_id": "0",
                            "custom_header": "",
                            "do_not_find": "false",
                            "final_endpoint": "",
                            "find_string": "",
                            "follow_redirect": "false",
                            "id": "3639385",
                            "logo_image": "",
                            "node_locations.#": "0",
                            "paused": "false",
                            "port": "0",
                            "post_raw": "",
                            "status": "Down",
                            "status_codes": "",
                            "test_id": "3639385",
                            "test_type": "HTTP",
                            "timeout": "40",
                            "trigger_rate": "5",
                            "uptime": "0",
                            "use_jar": "0",
                            "website_name": "synend-app-staging",
                            "website_url": "https://synend-app-staging.herokuapp.com/"
                        },
                        "meta": {},
                        "tainted": false
                    },
                    "deposed": [],
                    "provider": "provider.statuscake"
                }
            },
            "depends_on": []
        }
    ]
}
